// !$*UTF8*$!
{
	archiveVersion = 1;
	classes = {
	};
	objectVersion = 46;
	objects = {

/* Begin PBXBuildFile section */
		D5FA1BBF1DEA6AE3008F19A0 /* AppDelegate.swift in Sources */ = {isa = PBXBuildFile; fileRef = D5FA1BBE1DEA6AE3008F19A0 /* AppDelegate.swift */; };
		D5FA1BC11DEA6AE3008F19A0 /* ViewController.swift in Sources */ = {isa = PBXBuildFile; fileRef = D5FA1BC01DEA6AE3008F19A0 /* ViewController.swift */; };
		D5FA1BC41DEA6AE3008F19A0 /* Main.storyboard in Resources */ = {isa = PBXBuildFile; fileRef = D5FA1BC21DEA6AE3008F19A0 /* Main.storyboard */; };
		D5FA1BC61DEA6AE3008F19A0 /* Assets.xcassets in Resources */ = {isa = PBXBuildFile; fileRef = D5FA1BC51DEA6AE3008F19A0 /* Assets.xcassets */; };
		D5FA1BC91DEA6AE3008F19A0 /* LaunchScreen.storyboard in Resources */ = {isa = PBXBuildFile; fileRef = D5FA1BC71DEA6AE3008F19A0 /* LaunchScreen.storyboard */; };
		D5FA1BD31DEA7438008F19A0 /* SWRevealViewController.m in Sources */ = {isa = PBXBuildFile; fileRef = D5FA1BD11DEA7438008F19A0 /* SWRevealViewController.m */; };
		D5FA1BD61DEB897D008F19A0 /* RestaurantViewController.swift in Sources */ = {isa = PBXBuildFile; fileRef = D5FA1BD51DEB897D008F19A0 /* RestaurantViewController.swift */; };
		D5FA1BD81DEE1F16008F19A0 /* CustomerMenuTableViewController.swift in Sources */ = {isa = PBXBuildFile; fileRef = D5FA1BD71DEE1F16008F19A0 /* CustomerMenuTableViewController.swift */; };
		D5FA1BDA1DEE2450008F19A0 /* MealListTableViewController.swift in Sources */ = {isa = PBXBuildFile; fileRef = D5FA1BD91DEE2450008F19A0 /* MealListTableViewController.swift */; };
		D5FA1BDC1DEE326E008F19A0 /* MealDetailsViewController.swift in Sources */ = {isa = PBXBuildFile; fileRef = D5FA1BDB1DEE326E008F19A0 /* MealDetailsViewController.swift */; };
		D5FA1BDE1DEE7AC5008F19A0 /* TrayViewController.swift in Sources */ = {isa = PBXBuildFile; fileRef = D5FA1BDD1DEE7AC5008F19A0 /* TrayViewController.swift */; };
		D5FA1BE11DEE7C65008F19A0 /* MapKit.framework in Frameworks */ = {isa = PBXBuildFile; fileRef = D5FA1BE01DEE7C65008F19A0 /* MapKit.framework */; };
		D5FA1BE31DEF7316008F19A0 /* PaymentViewController.swift in Sources */ = {isa = PBXBuildFile; fileRef = D5FA1BE21DEF7315008F19A0 /* PaymentViewController.swift */; };
		D5FA1BE51DEF7BB0008F19A0 /* OrderViewController.swift in Sources */ = {isa = PBXBuildFile; fileRef = D5FA1BE41DEF7BB0008F19A0 /* OrderViewController.swift */; };
		E842DB38ED1117A48706097F /* Pods_foodtaskermobile.framework in Frameworks */ = {isa = PBXBuildFile; fileRef = 51D10133E4691183D1FC478D /* Pods_foodtaskermobile.framework */; };
/* End PBXBuildFile section */

/* Begin PBXFileReference section */
		141EABB0350490328BE84EBB /* Pods-foodtaskermobile.debug.xcconfig */ = {isa = PBXFileReference; includeInIndex = 1; lastKnownFileType = text.xcconfig; name = "Pods-foodtaskermobile.debug.xcconfig"; path = "Pods/Target Support Files/Pods-foodtaskermobile/Pods-foodtaskermobile.debug.xcconfig"; sourceTree = "<group>"; };
		51D10133E4691183D1FC478D /* Pods_foodtaskermobile.framework */ = {isa = PBXFileReference; explicitFileType = wrapper.framework; includeInIndex = 0; path = Pods_foodtaskermobile.framework; sourceTree = BUILT_PRODUCTS_DIR; };
		9B28EBAC2BB59866B71E018F /* Pods-foodtaskermobile.release.xcconfig */ = {isa = PBXFileReference; includeInIndex = 1; lastKnownFileType = text.xcconfig; name = "Pods-foodtaskermobile.release.xcconfig"; path = "Pods/Target Support Files/Pods-foodtaskermobile/Pods-foodtaskermobile.release.xcconfig"; sourceTree = "<group>"; };
		D5FA1BBB1DEA6AE3008F19A0 /* foodtaskermobile.app */ = {isa = PBXFileReference; explicitFileType = wrapper.application; includeInIndex = 0; path = foodtaskermobile.app; sourceTree = BUILT_PRODUCTS_DIR; };
		D5FA1BBE1DEA6AE3008F19A0 /* AppDelegate.swift */ = {isa = PBXFileReference; lastKnownFileType = sourcecode.swift; path = AppDelegate.swift; sourceTree = "<group>"; };
		D5FA1BC01DEA6AE3008F19A0 /* ViewController.swift */ = {isa = PBXFileReference; lastKnownFileType = sourcecode.swift; path = ViewController.swift; sourceTree = "<group>"; };
		D5FA1BC31DEA6AE3008F19A0 /* Base */ = {isa = PBXFileReference; lastKnownFileType = file.storyboard; name = Base; path = Base.lproj/Main.storyboard; sourceTree = "<group>"; };
		D5FA1BC51DEA6AE3008F19A0 /* Assets.xcassets */ = {isa = PBXFileReference; lastKnownFileType = folder.assetcatalog; path = Assets.xcassets; sourceTree = "<group>"; };
		D5FA1BC81DEA6AE3008F19A0 /* Base */ = {isa = PBXFileReference; lastKnownFileType = file.storyboard; name = Base; path = Base.lproj/LaunchScreen.storyboard; sourceTree = "<group>"; };
		D5FA1BCA1DEA6AE3008F19A0 /* Info.plist */ = {isa = PBXFileReference; lastKnownFileType = text.plist.xml; path = Info.plist; sourceTree = "<group>"; };
		D5FA1BD01DEA7437008F19A0 /* foodtaskermobile-Bridging-Header.h */ = {isa = PBXFileReference; lastKnownFileType = sourcecode.c.h; path = "foodtaskermobile-Bridging-Header.h"; sourceTree = "<group>"; };
		D5FA1BD11DEA7438008F19A0 /* SWRevealViewController.m */ = {isa = PBXFileReference; fileEncoding = 4; lastKnownFileType = sourcecode.c.objc; path = SWRevealViewController.m; sourceTree = "<group>"; };
		D5FA1BD21DEA7438008F19A0 /* SWRevealViewController.h */ = {isa = PBXFileReference; fileEncoding = 4; lastKnownFileType = sourcecode.c.h; path = SWRevealViewController.h; sourceTree = "<group>"; };
		D5FA1BD51DEB897D008F19A0 /* RestaurantViewController.swift */ = {isa = PBXFileReference; fileEncoding = 4; lastKnownFileType = sourcecode.swift; path = RestaurantViewController.swift; sourceTree = "<group>"; };
		D5FA1BD71DEE1F16008F19A0 /* CustomerMenuTableViewController.swift */ = {isa = PBXFileReference; fileEncoding = 4; lastKnownFileType = sourcecode.swift; path = CustomerMenuTableViewController.swift; sourceTree = "<group>"; };
		D5FA1BD91DEE2450008F19A0 /* MealListTableViewController.swift */ = {isa = PBXFileReference; fileEncoding = 4; lastKnownFileType = sourcecode.swift; path = MealListTableViewController.swift; sourceTree = "<group>"; };
		D5FA1BDB1DEE326E008F19A0 /* MealDetailsViewController.swift */ = {isa = PBXFileReference; fileEncoding = 4; lastKnownFileType = sourcecode.swift; path = MealDetailsViewController.swift; sourceTree = "<group>"; };
		D5FA1BDD1DEE7AC5008F19A0 /* TrayViewController.swift */ = {isa = PBXFileReference; fileEncoding = 4; lastKnownFileType = sourcecode.swift; path = TrayViewController.swift; sourceTree = "<group>"; };
		D5FA1BE01DEE7C65008F19A0 /* MapKit.framework */ = {isa = PBXFileReference; lastKnownFileType = wrapper.framework; name = MapKit.framework; path = System/Library/Frameworks/MapKit.framework; sourceTree = SDKROOT; };
		D5FA1BE21DEF7315008F19A0 /* PaymentViewController.swift */ = {isa = PBXFileReference; fileEncoding = 4; lastKnownFileType = sourcecode.swift; path = PaymentViewController.swift; sourceTree = "<group>"; };
		D5FA1BE41DEF7BB0008F19A0 /* OrderViewController.swift */ = {isa = PBXFileReference; fileEncoding = 4; lastKnownFileType = sourcecode.swift; path = OrderViewController.swift; sourceTree = "<group>"; };
/* End PBXFileReference section */

/* Begin PBXFrameworksBuildPhase section */
		D5FA1BB81DEA6AE3008F19A0 /* Frameworks */ = {
			isa = PBXFrameworksBuildPhase;
			buildActionMask = 2147483647;
			files = (
				D5FA1BE11DEE7C65008F19A0 /* MapKit.framework in Frameworks */,
				E842DB38ED1117A48706097F /* Pods_foodtaskermobile.framework in Frameworks */,
			);
			runOnlyForDeploymentPostprocessing = 0;
		};
/* End PBXFrameworksBuildPhase section */

/* Begin PBXGroup section */
		B30F8B5ECD91AF77D787EF7C /* Pods */ = {
			isa = PBXGroup;
			children = (
				141EABB0350490328BE84EBB /* Pods-foodtaskermobile.debug.xcconfig */,
				9B28EBAC2BB59866B71E018F /* Pods-foodtaskermobile.release.xcconfig */,
			);
			name = Pods;
			sourceTree = "<group>";
		};
		D5FA1BB21DEA6AE2008F19A0 = {
			isa = PBXGroup;
			children = (
				D5FA1BBD1DEA6AE3008F19A0 /* foodtaskermobile */,
				D5FA1BBC1DEA6AE3008F19A0 /* Products */,
				D5FA1BDF1DEE7C65008F19A0 /* Frameworks */,
				B30F8B5ECD91AF77D787EF7C /* Pods */,
			);
			sourceTree = "<group>";
		};
		D5FA1BBC1DEA6AE3008F19A0 /* Products */ = {
			isa = PBXGroup;
			children = (
				D5FA1BBB1DEA6AE3008F19A0 /* foodtaskermobile.app */,
			);
			name = Products;
			sourceTree = "<group>";
		};
		D5FA1BBD1DEA6AE3008F19A0 /* foodtaskermobile */ = {
			isa = PBXGroup;
			children = (
				D5FA1BD41DEA7459008F19A0 /* lib */,
				D5FA1BBE1DEA6AE3008F19A0 /* AppDelegate.swift */,
				D5FA1BC01DEA6AE3008F19A0 /* ViewController.swift */,
				D5FA1BC21DEA6AE3008F19A0 /* Main.storyboard */,
				D5FA1BD51DEB897D008F19A0 /* RestaurantViewController.swift */,
				D5FA1BD71DEE1F16008F19A0 /* CustomerMenuTableViewController.swift */,
				D5FA1BD91DEE2450008F19A0 /* MealListTableViewController.swift */,
				D5FA1BDB1DEE326E008F19A0 /* MealDetailsViewController.swift */,
				D5FA1BDD1DEE7AC5008F19A0 /* TrayViewController.swift */,
				D5FA1BE21DEF7315008F19A0 /* PaymentViewController.swift */,
				D5FA1BE41DEF7BB0008F19A0 /* OrderViewController.swift */,
				D5FA1BC51DEA6AE3008F19A0 /* Assets.xcassets */,
				D5FA1BC71DEA6AE3008F19A0 /* LaunchScreen.storyboard */,
				D5FA1BCA1DEA6AE3008F19A0 /* Info.plist */,
			);
			path = foodtaskermobile;
			sourceTree = "<group>";
		};
		D5FA1BD41DEA7459008F19A0 /* lib */ = {
			isa = PBXGroup;
			children = (
				D5FA1BD11DEA7438008F19A0 /* SWRevealViewController.m */,
				D5FA1BD21DEA7438008F19A0 /* SWRevealViewController.h */,
				D5FA1BD01DEA7437008F19A0 /* foodtaskermobile-Bridging-Header.h */,
			);
			name = lib;
			sourceTree = "<group>";
		};
		D5FA1BDF1DEE7C65008F19A0 /* Frameworks */ = {
			isa = PBXGroup;
			children = (
				D5FA1BE01DEE7C65008F19A0 /* MapKit.framework */,
				51D10133E4691183D1FC478D /* Pods_foodtaskermobile.framework */,
			);
			name = Frameworks;
			sourceTree = "<group>";
		};
/* End PBXGroup section */

/* Begin PBXNativeTarget section */
		D5FA1BBA1DEA6AE3008F19A0 /* foodtaskermobile */ = {
			isa = PBXNativeTarget;
			buildConfigurationList = D5FA1BCD1DEA6AE3008F19A0 /* Build configuration list for PBXNativeTarget "foodtaskermobile" */;
			buildPhases = (
				D1C321B7A5906D3E49CE9B59 /* [CP] Check Pods Manifest.lock */,
				D5FA1BB71DEA6AE3008F19A0 /* Sources */,
				D5FA1BB81DEA6AE3008F19A0 /* Frameworks */,
				D5FA1BB91DEA6AE3008F19A0 /* Resources */,
				0834A9AD80F79A99BF82003B /* [CP] Embed Pods Frameworks */,
				7ABC033532AC0B25AAADB8DC /* [CP] Copy Pods Resources */,
			);
			buildRules = (
			);
			dependencies = (
			);
			name = foodtaskermobile;
			productName = foodtaskermobile;
			productReference = D5FA1BBB1DEA6AE3008F19A0 /* foodtaskermobile.app */;
			productType = "com.apple.product-type.application";
		};
/* End PBXNativeTarget section */

/* Begin PBXProject section */
		D5FA1BB31DEA6AE2008F19A0 /* Project object */ = {
			isa = PBXProject;
			attributes = {
				LastSwiftUpdateCheck = 0810;
				LastUpgradeCheck = 0810;
				ORGANIZATIONNAME = "Kavin Tjhan";
				TargetAttributes = {
					D5FA1BBA1DEA6AE3008F19A0 = {
						CreatedOnToolsVersion = 8.1;
						DevelopmentTeam = 2R465XH98W;
						LastSwiftMigration = 0810;
						ProvisioningStyle = Automatic;
					};
				};
			};
			buildConfigurationList = D5FA1BB61DEA6AE2008F19A0 /* Build configuration list for PBXProject "foodtaskermobile" */;
			compatibilityVersion = "Xcode 3.2";
			developmentRegion = English;
			hasScannedForEncodings = 0;
			knownRegions = (
				en,
				Base,
			);
			mainGroup = D5FA1BB21DEA6AE2008F19A0;
			productRefGroup = D5FA1BBC1DEA6AE3008F19A0 /* Products */;
			projectDirPath = "";
			projectRoot = "";
			targets = (
				D5FA1BBA1DEA6AE3008F19A0 /* foodtaskermobile */,
			);
		};
/* End PBXProject section */

/* Begin PBXResourcesBuildPhase section */
		D5FA1BB91DEA6AE3008F19A0 /* Resources */ = {
			isa = PBXResourcesBuildPhase;
			buildActionMask = 2147483647;
			files = (
				D5FA1BC91DEA6AE3008F19A0 /* LaunchScreen.storyboard in Resources */,
				D5FA1BC61DEA6AE3008F19A0 /* Assets.xcassets in Resources */,
				D5FA1BC41DEA6AE3008F19A0 /* Main.storyboard in Resources */,
			);
			runOnlyForDeploymentPostprocessing = 0;
		};
/* End PBXResourcesBuildPhase section */

/* Begin PBXShellScriptBuildPhase section */
		0834A9AD80F79A99BF82003B /* [CP] Embed Pods Frameworks */ = {
			isa = PBXShellScriptBuildPhase;
			buildActionMask = 2147483647;
			files = (
			);
			inputPaths = (
			);
			name = "[CP] Embed Pods Frameworks";
			outputPaths = (
			);
			runOnlyForDeploymentPostprocessing = 0;
			shellPath = /bin/sh;
			shellScript = "\"${SRCROOT}/Pods/Target Support Files/Pods-foodtaskermobile/Pods-foodtaskermobile-frameworks.sh\"\n";
			showEnvVarsInLog = 0;
		};
		7ABC033532AC0B25AAADB8DC /* [CP] Copy Pods Resources */ = {
			isa = PBXShellScriptBuildPhase;
			buildActionMask = 2147483647;
			files = (
			);
			inputPaths = (
			);
			name = "[CP] Copy Pods Resources";
			outputPaths = (
			);
			runOnlyForDeploymentPostprocessing = 0;
			shellPath = /bin/sh;
			shellScript = "\"${SRCROOT}/Pods/Target Support Files/Pods-foodtaskermobile/Pods-foodtaskermobile-resources.sh\"\n";
			showEnvVarsInLog = 0;
		};
		D1C321B7A5906D3E49CE9B59 /* [CP] Check Pods Manifest.lock */ = {
			isa = PBXShellScriptBuildPhase;
			buildActionMask = 2147483647;
			files = (
			);
			inputPaths = (
			);
			name = "[CP] Check Pods Manifest.lock";
			outputPaths = (
			);
			runOnlyForDeploymentPostprocessing = 0;
			shellPath = /bin/sh;
			shellScript = "diff \"${PODS_ROOT}/../Podfile.lock\" \"${PODS_ROOT}/Manifest.lock\" > /dev/null\nif [[ $? != 0 ]] ; then\n    cat << EOM\nerror: The sandbox is not in sync with the Podfile.lock. Run 'pod install' or update your CocoaPods installation.\nEOM\n    exit 1\nfi\n";
			showEnvVarsInLog = 0;
		};
/* End PBXShellScriptBuildPhase section */

/* Begin PBXSourcesBuildPhase section */
		D5FA1BB71DEA6AE3008F19A0 /* Sources */ = {
			isa = PBXSourcesBuildPhase;
			buildActionMask = 2147483647;
			files = (
				D5FA1BC11DEA6AE3008F19A0 /* ViewController.swift in Sources */,
				D5FA1BE51DEF7BB0008F19A0 /* OrderViewController.swift in Sources */,
				D5FA1BDC1DEE326E008F19A0 /* MealDetailsViewController.swift in Sources */,
				D5FA1BDE1DEE7AC5008F19A0 /* TrayViewController.swift in Sources */,
				D5FA1BD61DEB897D008F19A0 /* RestaurantViewController.swift in Sources */,
				D5FA1BDA1DEE2450008F19A0 /* MealListTableViewController.swift in Sources */,
				D5FA1BBF1DEA6AE3008F19A0 /* AppDelegate.swift in Sources */,
				D5FA1BD81DEE1F16008F19A0 /* CustomerMenuTableViewController.swift in Sources */,
				D5FA1BE31DEF7316008F19A0 /* PaymentViewController.swift in Sources */,
				D5FA1BD31DEA7438008F19A0 /* SWRevealViewController.m in Sources */,
			);
			runOnlyForDeploymentPostprocessing = 0;
		};
/* End PBXSourcesBuildPhase section */

/* Begin PBXVariantGroup section */
		D5FA1BC21DEA6AE3008F19A0 /* Main.storyboard */ = {
			isa = PBXVariantGroup;
			children = (
				D5FA1BC31DEA6AE3008F19A0 /* Base */,
			);
			name = Main.storyboard;
			sourceTree = "<group>";
		};
		D5FA1BC71DEA6AE3008F19A0 /* LaunchScreen.storyboard */ = {
			isa = PBXVariantGroup;
			children = (
				D5FA1BC81DEA6AE3008F19A0 /* Base */,
			);
			name = LaunchScreen.storyboard;
			sourceTree = "<group>";
		};
/* End PBXVariantGroup section */

/* Begin XCBuildConfiguration section */
		D5FA1BCB1DEA6AE3008F19A0 /* Debug */ = {
			isa = XCBuildConfiguration;
			buildSettings = {
				ALWAYS_SEARCH_USER_PATHS = NO;
				CLANG_ANALYZER_NONNULL = YES;
				CLANG_CXX_LANGUAGE_STANDARD = "gnu++0x";
				CLANG_CXX_LIBRARY = "libc++";
				CLANG_ENABLE_MODULES = YES;
				CLANG_ENABLE_OBJC_ARC = YES;
				CLANG_WARN_BOOL_CONVERSION = YES;
				CLANG_WARN_CONSTANT_CONVERSION = YES;
				CLANG_WARN_DIRECT_OBJC_ISA_USAGE = YES_ERROR;
				CLANG_WARN_DOCUMENTATION_COMMENTS = YES;
				CLANG_WARN_EMPTY_BODY = YES;
				CLANG_WARN_ENUM_CONVERSION = YES;
				CLANG_WARN_INFINITE_RECURSION = YES;
				CLANG_WARN_INT_CONVERSION = YES;
				CLANG_WARN_OBJC_ROOT_CLASS = YES_ERROR;
				CLANG_WARN_SUSPICIOUS_MOVES = YES;
				CLANG_WARN_UNREACHABLE_CODE = YES;
				CLANG_WARN__DUPLICATE_METHOD_MATCH = YES;
				"CODE_SIGN_IDENTITY[sdk=iphoneos*]" = "iPhone Developer";
				COPY_PHASE_STRIP = NO;
				DEBUG_INFORMATION_FORMAT = dwarf;
				ENABLE_STRICT_OBJC_MSGSEND = YES;
				ENABLE_TESTABILITY = YES;
				GCC_C_LANGUAGE_STANDARD = gnu99;
				GCC_DYNAMIC_NO_PIC = NO;
				GCC_NO_COMMON_BLOCKS = YES;
				GCC_OPTIMIZATION_LEVEL = 0;
				GCC_PREPROCESSOR_DEFINITIONS = (
					"DEBUG=1",
					"$(inherited)",
				);
				GCC_WARN_64_TO_32_BIT_CONVERSION = YES;
				GCC_WARN_ABOUT_RETURN_TYPE = YES_ERROR;
				GCC_WARN_UNDECLARED_SELECTOR = YES;
				GCC_WARN_UNINITIALIZED_AUTOS = YES_AGGRESSIVE;
				GCC_WARN_UNUSED_FUNCTION = YES;
				GCC_WARN_UNUSED_VARIABLE = YES;
				IPHONEOS_DEPLOYMENT_TARGET = 10.1;
				MTL_ENABLE_DEBUG_INFO = YES;
				ONLY_ACTIVE_ARCH = YES;
				SDKROOT = iphoneos;
				SWIFT_ACTIVE_COMPILATION_CONDITIONS = DEBUG;
				SWIFT_OPTIMIZATION_LEVEL = "-Onone";
				TARGETED_DEVICE_FAMILY = "1,2";
			};
			name = Debug;
		};
		D5FA1BCC1DEA6AE3008F19A0 /* Release */ = {
			isa = XCBuildConfiguration;
			buildSettings = {
				ALWAYS_SEARCH_USER_PATHS = NO;
				CLANG_ANALYZER_NONNULL = YES;
				CLANG_CXX_LANGUAGE_STANDARD = "gnu++0x";
				CLANG_CXX_LIBRARY = "libc++";
				CLANG_ENABLE_MODULES = YES;
				CLANG_ENABLE_OBJC_ARC = YES;
				CLANG_WARN_BOOL_CONVERSION = YES;
				CLANG_WARN_CONSTANT_CONVERSION = YES;
				CLANG_WARN_DIRECT_OBJC_ISA_USAGE = YES_ERROR;
				CLANG_WARN_DOCUMENTATION_COMMENTS = YES;
				CLANG_WARN_EMPTY_BODY = YES;
				CLANG_WARN_ENUM_CONVERSION = YES;
				CLANG_WARN_INFINITE_RECURSION = YES;
				CLANG_WARN_INT_CONVERSION = YES;
				CLANG_WARN_OBJC_ROOT_CLASS = YES_ERROR;
				CLANG_WARN_SUSPICIOUS_MOVES = YES;
				CLANG_WARN_UNREACHABLE_CODE = YES;
				CLANG_WARN__DUPLICATE_METHOD_MATCH = YES;
				"CODE_SIGN_IDENTITY[sdk=iphoneos*]" = "iPhone Developer";
				COPY_PHASE_STRIP = NO;
				DEBUG_INFORMATION_FORMAT = "dwarf-with-dsym";
				ENABLE_NS_ASSERTIONS = NO;
				ENABLE_STRICT_OBJC_MSGSEND = YES;
				GCC_C_LANGUAGE_STANDARD = gnu99;
				GCC_NO_COMMON_BLOCKS = YES;
				GCC_WARN_64_TO_32_BIT_CONVERSION = YES;
				GCC_WARN_ABOUT_RETURN_TYPE = YES_ERROR;
				GCC_WARN_UNDECLARED_SELECTOR = YES;
				GCC_WARN_UNINITIALIZED_AUTOS = YES_AGGRESSIVE;
				GCC_WARN_UNUSED_FUNCTION = YES;
				GCC_WARN_UNUSED_VARIABLE = YES;
				IPHONEOS_DEPLOYMENT_TARGET = 10.1;
				MTL_ENABLE_DEBUG_INFO = NO;
				SDKROOT = iphoneos;
				SWIFT_OPTIMIZATION_LEVEL = "-Owholemodule";
				TARGETED_DEVICE_FAMILY = "1,2";
				VALIDATE_PRODUCT = YES;
			};
			name = Release;
		};
		D5FA1BCE1DEA6AE3008F19A0 /* Debug */ = {
			isa = XCBuildConfiguration;
			baseConfigurationReference = 141EABB0350490328BE84EBB /* Pods-foodtaskermobile.debug.xcconfig */;
			buildSettings = {
				ASSETCATALOG_COMPILER_APPICON_NAME = AppIcon;
				CLANG_ENABLE_MODULES = YES;
				DEVELOPMENT_TEAM = 2R465XH98W;
				INFOPLIST_FILE = foodtaskermobile/Info.plist;
				LD_RUNPATH_SEARCH_PATHS = "$(inherited) @executable_path/Frameworks";
				PRODUCT_BUNDLE_IDENTIFIER = ktjhan.foodtaskermobile;
				PRODUCT_NAME = "$(TARGET_NAME)";
				SWIFT_OBJC_BRIDGING_HEADER = "foodtaskermobile/foodtaskermobile-Bridging-Header.h";
				SWIFT_OPTIMIZATION_LEVEL = "-Onone";
				SWIFT_VERSION = 3.0;
			};
			name = Debug;
		};
		D5FA1BCF1DEA6AE3008F19A0 /* Release */ = {
			isa = XCBuildConfiguration;
			baseConfigurationReference = 9B28EBAC2BB59866B71E018F /* Pods-foodtaskermobile.release.xcconfig */;
			buildSettings = {
				ASSETCATALOG_COMPILER_APPICON_NAME = AppIcon;
				CLANG_ENABLE_MODULES = YES;
				DEVELOPMENT_TEAM = 2R465XH98W;
				INFOPLIST_FILE = foodtaskermobile/Info.plist;
				LD_RUNPATH_SEARCH_PATHS = "$(inherited) @executable_path/Frameworks";
				PRODUCT_BUNDLE_IDENTIFIER = ktjhan.foodtaskermobile;
				PRODUCT_NAME = "$(TARGET_NAME)";
				SWIFT_OBJC_BRIDGING_HEADER = "foodtaskermobile/foodtaskermobile-Bridging-Header.h";
				SWIFT_VERSION = 3.0;
			};
			name = Release;
		};
/* End XCBuildConfiguration section */

/* Begin XCConfigurationList section */
		D5FA1BB61DEA6AE2008F19A0 /* Build configuration list for PBXProject "foodtaskermobile" */ = {
			isa = XCConfigurationList;
			buildConfigurations = (
				D5FA1BCB1DEA6AE3008F19A0 /* Debug */,
				D5FA1BCC1DEA6AE3008F19A0 /* Release */,
			);
			defaultConfigurationIsVisible = 0;
			defaultConfigurationName = Release;
		};
		D5FA1BCD1DEA6AE3008F19A0 /* Build configuration list for PBXNativeTarget "foodtaskermobile" */ = {
			isa = XCConfigurationList;
			buildConfigurations = (
				D5FA1BCE1DEA6AE3008F19A0 /* Debug */,
				D5FA1BCF1DEA6AE3008F19A0 /* Release */,
			);
			defaultConfigurationIsVisible = 0;
			defaultConfigurationName = Release;
		};
/* End XCConfigurationList section */
	};
	rootObject = D5FA1BB31DEA6AE2008F19A0 /* Project object */;
}
